{
  "name": "evil-tree-demo",
  "version": "1.0.0",
  "lockfileVersion": 3,
  "requires": true,
  "packages": {
    "": {
      "name": "evil-tree-demo",
      "version": "1.0.0",
      "dependencies": {
        "evil-pkg": "1.0.0",
        "clean-pkg": "1.0.0",
        "nested-evil": "1.0.0"
      }
    },
    "node_modules/clean-pkg": {
      "version": "1.0.0"
    },
    "node_modules/evil-pkg": {
      "version": "1.0.0",
      "hasInstallScript": true,
      "scripts": {
        "preinstall": "node -e \"console.log('preinstall-demo')\"",
        "postinstall": "node -e \"console.log('postinstall-demo')\""
      }
    },
    "node_modules/nested-evil": {
      "version": "1.0.0",
      "hasInstallScript": true
    }
  }
}
